
Microsoft Visual Studio Solution File, Format Version 12.00
# Visual Studio 14
VisualStudioVersion = 14.0.25420.1
MinimumVisualStudioVersion = 10.0.40219.1
Project("{FAE04EC0-301F-11D3-BF4B-00C04F79EFBC}") = "CatchUp.Core", "CatchUp.Core\CatchUp.Core.csproj", "{7AB91578-A5F5-465F-9272-A74B26DBE3EA}"
EndProject
Project("{FAE04EC0-301F-11D3-BF4B-00C04F79EFBC}") = "CatchUp.Droid", "CatchUp.Droid\CatchUp.Droid.csproj", "{3E0F957B-AC78-4A07-BC4A-1D9B23C2EEFC}"
EndProject
Global
	GlobalSection(SolutionConfigurationPlatforms) = preSolution
		Debug|Any CPU = Debug|Any CPU
		Release|Any CPU = Release|Any CPU
	EndGlobalSection
	GlobalSection(ProjectConfigurationPlatforms) = postSolution
		{7AB91578-A5F5-465F-9272-A74B26DBE3EA}.Debug|Any CPU.ActiveCfg = Debug|Any CPU
		{7AB91578-A5F5-465F-9272-A74B26DBE3EA}.Debug|Any CPU.Build.0 = Debug|Any CPU
		{7AB91578-A5F5-465F-9272-A74B26DBE3EA}.Release|Any CPU.ActiveCfg = Release|Any CPU
		{7AB91578-A5F5-465F-9272-A74B26DBE3EA}.Release|Any CPU.Build.0 = Release|Any CPU
		{3E0F957B-AC78-4A07-BC4A-1D9B23C2EEFC}.Debug|Any CPU.ActiveCfg = Debug|Any CPU
		{3E0F957B-AC78-4A07-BC4A-1D9B23C2EEFC}.Debug|Any CPU.Build.0 = Debug|Any CPU
		{3E0F957B-AC78-4A07-BC4A-1D9B23C2EEFC}.Debug|Any CPU.Deploy.0 = Debug|Any CPU
		{3E0F957B-AC78-4A07-BC4A-1D9B23C2EEFC}.Release|Any CPU.ActiveCfg = Release|Any CPU
		{3E0F957B-AC78-4A07-BC4A-1D9B23C2EEFC}.Release|Any CPU.Build.0 = Release|Any CPU
		{3E0F957B-AC78-4A07-BC4A-1D9B23C2EEFC}.Release|Any CPU.Deploy.0 = Release|Any CPU
	EndGlobalSection
	GlobalSection(SolutionProperties) = preSolution
		HideSolutionNode = FALSE
	EndGlobalSection
EndGlobal
